
Microsoft Visual Studio Solution File, Format Version 12.00
# Visual Studio Version 17
VisualStudioVersion = 17.3.32825.248
MinimumVisualStudioVersion = 10.0.40219.1
Project("{2150E333-8FDC-42A3-9474-1A3956D46DE8}") = "src", "src", "{5C7942CB-8B5C-49CE-971F-C807689D7A0A}"
EndProject
Project("{2150E333-8FDC-42A3-9474-1A3956D46DE8}") = "tests", "tests", "{45A01DC6-8CFF-495F-BD12-38BF36D03876}"
EndProject
Project("{9A19103F-16F7-4668-BE54-9A1E7A4F7556}") = "ApplicationCore", "src\ApplicationCore\ApplicationCore.csproj", "{C943FB32-33DA-49F9-B749-BD59D5E77214}"
EndProject
Project("{9A19103F-16F7-4668-BE54-9A1E7A4F7556}") = "Infrastructure", "src\Infrastructure\Infrastructure.csproj", "{4ACC6EDE-747A-4A13-8F9A-341F4939406E}"
EndProject
Project("{9A19103F-16F7-4668-BE54-9A1E7A4F7556}") = "Web", "src\Web\Web.csproj", "{2196155C-7FA3-410E-91BD-007B0EE6F85F}"
EndProject
Project("{9A19103F-16F7-4668-BE54-9A1E7A4F7556}") = "UnitTests", "tests\UnitTests\UnitTests.csproj", "{F6982A71-8EC6-48CF-8681-47FF6F4E4462}"
EndProject
Project("{2150E333-8FDC-42A3-9474-1A3956D46DE8}") = "Solution Items", "Solution Items", "{70CA164A-E328-4B55-9041-A0043CB20BD0}"
	ProjectSection(SolutionItems) = preProject
		README.md = README.md
	EndProjectSection
EndProject
Global
	GlobalSection(SolutionConfigurationPlatforms) = preSolution
		Debug|Any CPU = Debug|Any CPU
		Release|Any CPU = Release|Any CPU
	EndGlobalSection
	GlobalSection(ProjectConfigurationPlatforms) = postSolution
		{C943FB32-33DA-49F9-B749-BD59D5E77214}.Debug|Any CPU.ActiveCfg = Debug|Any CPU
		{C943FB32-33DA-49F9-B749-BD59D5E77214}.Debug|Any CPU.Build.0 = Debug|Any CPU
		{C943FB32-33DA-49F9-B749-BD59D5E77214}.Release|Any CPU.ActiveCfg = Release|Any CPU
		{C943FB32-33DA-49F9-B749-BD59D5E77214}.Release|Any CPU.Build.0 = Release|Any CPU
		{4ACC6EDE-747A-4A13-8F9A-341F4939406E}.Debug|Any CPU.ActiveCfg = Debug|Any CPU
		{4ACC6EDE-747A-4A13-8F9A-341F4939406E}.Debug|Any CPU.Build.0 = Debug|Any CPU
		{4ACC6EDE-747A-4A13-8F9A-341F4939406E}.Release|Any CPU.ActiveCfg = Release|Any CPU
		{4ACC6EDE-747A-4A13-8F9A-341F4939406E}.Release|Any CPU.Build.0 = Release|Any CPU
		{2196155C-7FA3-410E-91BD-007B0EE6F85F}.Debug|Any CPU.ActiveCfg = Debug|Any CPU
		{2196155C-7FA3-410E-91BD-007B0EE6F85F}.Debug|Any CPU.Build.0 = Debug|Any CPU
		{2196155C-7FA3-410E-91BD-007B0EE6F85F}.Release|Any CPU.ActiveCfg = Release|Any CPU
		{2196155C-7FA3-410E-91BD-007B0EE6F85F}.Release|Any CPU.Build.0 = Release|Any CPU
		{F6982A71-8EC6-48CF-8681-47FF6F4E4462}.Debug|Any CPU.ActiveCfg = Debug|Any CPU
		{F6982A71-8EC6-48CF-8681-47FF6F4E4462}.Debug|Any CPU.Build.0 = Debug|Any CPU
		{F6982A71-8EC6-48CF-8681-47FF6F4E4462}.Release|Any CPU.ActiveCfg = Release|Any CPU
		{F6982A71-8EC6-48CF-8681-47FF6F4E4462}.Release|Any CPU.Build.0 = Release|Any CPU
	EndGlobalSection
	GlobalSection(SolutionProperties) = preSolution
		HideSolutionNode = FALSE
	EndGlobalSection
	GlobalSection(NestedProjects) = preSolution
		{C943FB32-33DA-49F9-B749-BD59D5E77214} = {5C7942CB-8B5C-49CE-971F-C807689D7A0A}
		{4ACC6EDE-747A-4A13-8F9A-341F4939406E} = {5C7942CB-8B5C-49CE-971F-C807689D7A0A}
		{2196155C-7FA3-410E-91BD-007B0EE6F85F} = {5C7942CB-8B5C-49CE-971F-C807689D7A0A}
		{F6982A71-8EC6-48CF-8681-47FF6F4E4462} = {45A01DC6-8CFF-495F-BD12-38BF36D03876}
	EndGlobalSection
	GlobalSection(ExtensibilityGlobals) = postSolution
		SolutionGuid = {C0118247-9D48-45D9-86A4-164513CBCC05}
	EndGlobalSection
EndGlobal
